
Microsoft Visual Studio Solution File, Format Version 12.00
# Visual Studio 15
VisualStudioVersion = 15.0.28307.960
MinimumVisualStudioVersion = 10.0.40219.1
Project("{FAE04EC0-301F-11D3-BF4B-00C04F79EFBC}") = "AirFight", "AirFight\AirFight.csproj", "{B691AA04-771C-4CAF-9CF9-44B014714342}"
EndProject
Project("{FAE04EC0-301F-11D3-BF4B-00C04F79EFBC}") = "AirWord", "AirWord\AirWord.csproj", "{1BCBD4BD-10BF-4C59-9621-6D8DED2FA6C2}"
EndProject
Global
	GlobalSection(SolutionConfigurationPlatforms) = preSolution
		Debug|Any CPU = Debug|Any CPU
		Release|Any CPU = Release|Any CPU
	EndGlobalSection
	GlobalSection(ProjectConfigurationPlatforms) = postSolution
		{B691AA04-771C-4CAF-9CF9-44B014714342}.Debug|Any CPU.ActiveCfg = Debug|Any CPU
		{B691AA04-771C-4CAF-9CF9-44B014714342}.Debug|Any CPU.Build.0 = Debug|Any CPU
		{B691AA04-771C-4CAF-9CF9-44B014714342}.Release|Any CPU.ActiveCfg = Release|Any CPU
		{B691AA04-771C-4CAF-9CF9-44B014714342}.Release|Any CPU.Build.0 = Release|Any CPU
		{1BCBD4BD-10BF-4C59-9621-6D8DED2FA6C2}.Debug|Any CPU.ActiveCfg = Debug|Any CPU
		{1BCBD4BD-10BF-4C59-9621-6D8DED2FA6C2}.Debug|Any CPU.Build.0 = Debug|Any CPU
		{1BCBD4BD-10BF-4C59-9621-6D8DED2FA6C2}.Release|Any CPU.ActiveCfg = Release|Any CPU
		{1BCBD4BD-10BF-4C59-9621-6D8DED2FA6C2}.Release|Any CPU.Build.0 = Release|Any CPU
	EndGlobalSection
	GlobalSection(SolutionProperties) = preSolution
		HideSolutionNode = FALSE
	EndGlobalSection
	GlobalSection(ExtensibilityGlobals) = postSolution
		SolutionGuid = {2150D01E-A327-4274-ACB7-AE5FE649AC27}
	EndGlobalSection
EndGlobal
